<Solution>
  <Folder Name="/Solution Items/">
    <File Path="Directory.Build.Props" />
    <File Path="Directory.Packages.props" />
  </Folder>
  <Project Path="GeneratorTest/GeneratorTest.csproj" />
  <Project Path="IntegrationTesting/IntegrationTesting.csproj" Id="04cb4bc0-241f-47cc-8cf8-d728cc5b83c5" />
  <Project Path="Melville.IntersectionTypes/Melville.IntersectionTypes.csproj" />
  <Project Path="Melville.StreamInterfaces/Melville.StreamInterfaces.csproj" />
</Solution>
