<Solution>
  <Folder Name="/Solution Items/">
    <File Path="Directory.Build.Props" />
    <File Path="Directory.Packages.props" />
  </Folder>
  <Project Path="Melville.IntersectionTypes/Melville.IntersectionTypes.csproj" />
  <Project Path="Test/Test.csproj" Id="a82ec0b2-6a16-4bb8-a628-5d336eaa4af5" />
</Solution>
